
Microsoft Visual Studio Solution File, Format Version 12.00
# Visual Studio Version 17
VisualStudioVersion = 17.0.32112.339
MinimumVisualStudioVersion = 10.0.40219.1
Project("{9A19103F-16F7-4668-BE54-9A1E7A4F7556}") = "Server", "Server\Server.csproj", "{A6BC1F63-91AD-4267-8D55-DA5029E2A390}"
EndProject
Project("{9A19103F-16F7-4668-BE54-9A1E7A4F7556}") = "Client", "Client\Client.csproj", "{E7D2E837-4AD2-4B1A-8E2D-4BA6BDAD429C}"
EndProject
Project("{9A19103F-16F7-4668-BE54-9A1E7A4F7556}") = "Shared", "Shared\Shared.csproj", "{5D916844-90BD-46AF-A597-29DA220AADE5}"
EndProject
Project("{2150E333-8FDC-42A3-9474-1A3956D46DE8}") = "Solution Items", "Solution Items", "{1ED52DEA-79EB-420B-8909-CE53A79BA348}"
	ProjectSection(SolutionItems) = preProject
		.editorconfig = .editorconfig
	EndProjectSection
EndProject
Global
	GlobalSection(SolutionConfigurationPlatforms) = preSolution
		Debug|Any CPU = Debug|Any CPU
		Release|Any CPU = Release|Any CPU
	EndGlobalSection
	GlobalSection(ProjectConfigurationPlatforms) = postSolution
		{A6BC1F63-91AD-4267-8D55-DA5029E2A390}.Debug|Any CPU.ActiveCfg = Debug|Any CPU
		{A6BC1F63-91AD-4267-8D55-DA5029E2A390}.Debug|Any CPU.Build.0 = Debug|Any CPU
		{A6BC1F63-91AD-4267-8D55-DA5029E2A390}.Release|Any CPU.ActiveCfg = Release|Any CPU
		{A6BC1F63-91AD-4267-8D55-DA5029E2A390}.Release|Any CPU.Build.0 = Release|Any CPU
		{E7D2E837-4AD2-4B1A-8E2D-4BA6BDAD429C}.Debug|Any CPU.ActiveCfg = Debug|Any CPU
		{E7D2E837-4AD2-4B1A-8E2D-4BA6BDAD429C}.Debug|Any CPU.Build.0 = Debug|Any CPU
		{E7D2E837-4AD2-4B1A-8E2D-4BA6BDAD429C}.Release|Any CPU.ActiveCfg = Release|Any CPU
		{E7D2E837-4AD2-4B1A-8E2D-4BA6BDAD429C}.Release|Any CPU.Build.0 = Release|Any CPU
		{5D916844-90BD-46AF-A597-29DA220AADE5}.Debug|Any CPU.ActiveCfg = Debug|Any CPU
		{5D916844-90BD-46AF-A597-29DA220AADE5}.Debug|Any CPU.Build.0 = Debug|Any CPU
		{5D916844-90BD-46AF-A597-29DA220AADE5}.Release|Any CPU.ActiveCfg = Release|Any CPU
		{5D916844-90BD-46AF-A597-29DA220AADE5}.Release|Any CPU.Build.0 = Release|Any CPU
	EndGlobalSection
	GlobalSection(SolutionProperties) = preSolution
		HideSolutionNode = FALSE
	EndGlobalSection
	GlobalSection(ExtensibilityGlobals) = postSolution
		SolutionGuid = {0D246748-E954-4F8B-8EB5-F7826CAB71BD}
	EndGlobalSection
EndGlobal
